lockfileVersion: '9.0'

settings:
  autoInstallPeers: true
  excludeLinksFromLockfile: false

importers:

  .:
    dependencies:
      tslib:
        specifier: 2.6.3
        version: 2.6.3
    devDependencies:
      '@biomejs/biome':
        specifier: 1.8.3
        version: 1.8.3
      lefthook:
        specifier: 1.7.9
        version: 1.7.9
      typescript:
        specifier: 5.5.4
        version: 5.5.4

packages:

  '@biomejs/biome@1.8.3':
    resolution: {integrity: sha512-/uUV3MV+vyAczO+vKrPdOW0Iaet7UnJMU4bNMinggGJTAnBPjCoLEYcyYtYHNnUNYlv4xZMH6hVIQCAozq8d5w==}
    engines: {node: '>=14.21.3'}
    hasBin: true

  '@biomejs/cli-darwin-arm64@1.8.3':
    resolution: {integrity: sha512-9DYOjclFpKrH/m1Oz75SSExR8VKvNSSsLnVIqdnKexj6NwmiMlKk94Wa1kZEdv6MCOHGHgyyoV57Cw8WzL5n3A==}
    engines: {node: '>=14.21.3'}
    cpu: [arm64]
    os: [darwin]

  '@biomejs/cli-darwin-x64@1.8.3':
    resolution: {integrity: sha512-UeW44L/AtbmOF7KXLCoM+9PSgPo0IDcyEUfIoOXYeANaNXXf9mLUwV1GeF2OWjyic5zj6CnAJ9uzk2LT3v/wAw==}
    engines: {node: '>=14.21.3'}
    cpu: [x64]
    os: [darwin]

  '@biomejs/cli-linux-arm64-musl@1.8.3':
    resolution: {integrity: sha512-9yjUfOFN7wrYsXt/T/gEWfvVxKlnh3yBpnScw98IF+oOeCYb5/b/+K7YNqKROV2i1DlMjg9g/EcN9wvj+NkMuQ==}
    engines: {node: '>=14.21.3'}
    cpu: [arm64]
    os: [linux]

  '@biomejs/cli-linux-arm64@1.8.3':
    resolution: {integrity: sha512-fed2ji8s+I/m8upWpTJGanqiJ0rnlHOK3DdxsyVLZQ8ClY6qLuPc9uehCREBifRJLl/iJyQpHIRufLDeotsPtw==}
    engines: {node: '>=14.21.3'}
    cpu: [arm64]
    os: [linux]

  '@biomejs/cli-linux-x64-musl@1.8.3':
    resolution: {integrity: sha512-UHrGJX7PrKMKzPGoEsooKC9jXJMa28TUSMjcIlbDnIO4EAavCoVmNQaIuUSH0Ls2mpGMwUIf+aZJv657zfWWjA==}
    engines: {node: '>=14.21.3'}
    cpu: [x64]
    os: [linux]

  '@biomejs/cli-linux-x64@1.8.3':
    resolution: {integrity: sha512-I8G2QmuE1teISyT8ie1HXsjFRz9L1m5n83U1O6m30Kw+kPMPSKjag6QGUn+sXT8V+XWIZxFFBoTDEDZW2KPDDw==}
    engines: {node: '>=14.21.3'}
    cpu: [x64]
    os: [linux]

  '@biomejs/cli-win32-arm64@1.8.3':
    resolution: {integrity: sha512-J+Hu9WvrBevfy06eU1Na0lpc7uR9tibm9maHynLIoAjLZpQU3IW+OKHUtyL8p6/3pT2Ju5t5emReeIS2SAxhkQ==}
    engines: {node: '>=14.21.3'}
    cpu: [arm64]
    os: [win32]

  '@biomejs/cli-win32-x64@1.8.3':
    resolution: {integrity: sha512-/PJ59vA1pnQeKahemaQf4Nyj7IKUvGQSc3Ze1uIGi+Wvr1xF7rGobSrAAG01T/gUDG21vkDsZYM03NAmPiVkqg==}
    engines: {node: '>=14.21.3'}
    cpu: [x64]
    os: [win32]

  lefthook-darwin-arm64@1.7.9:
    resolution: {integrity: sha512-WF1ELaKKpU3qkoHAklg7/mI4fkd4hiGRV1DngLU+vz0BoD89nRlp60tJsSPq+/O35raXy41wLE3cGVmgbTHeOw==}
    cpu: [arm64]
    os: [darwin]

  lefthook-darwin-x64@1.7.9:
    resolution: {integrity: sha512-yNKmuSmbRXHuL9NCjuKO9wAsDxlP8ELXV6aFEFbuf12Rk5nJjp+e5VuKRkYlYA9uqLnIsZR79c2+/i+PgtmyNg==}
    cpu: [x64]
    os: [darwin]

  lefthook-freebsd-arm64@1.7.9:
    resolution: {integrity: sha512-+ZF7jIG2hRJbd36TbPkpHyxjR0e6cvo66WsUYBJy6DJPK3EJpkdsGiMrvMSbSYLfgzfhR6nOXBr5vOpL2lfBFw==}
    cpu: [arm64]
    os: [freebsd]

  lefthook-freebsd-x64@1.7.9:
    resolution: {integrity: sha512-LhSLdkf0HRhfuVsJP24oizfB94noCyyNLUOd35ZVd4KpAbFU/71OBBKqosig4QO4kyyRDWNK20tTbzCb1XKQxA==}
    cpu: [x64]
    os: [freebsd]

  lefthook-linux-arm64@1.7.9:
    resolution: {integrity: sha512-Bt7DAFU2/2ws3/i95tKOffRM0yau2jsa4ksCskq8igmEBQ6iTvsK8ZUowtXaAavXYKh0EZb3uQ63iFz+NKypmQ==}
    cpu: [arm64]
    os: [linux]

  lefthook-linux-x64@1.7.9:
    resolution: {integrity: sha512-xe4X4KBf48Nzypdg1EX2s2xqytbguIZC7eYXZPer1YUggVDbRMrdVBK7J0OAEqA4RbvE82pDjrKSopnlYlMYhw==}
    cpu: [x64]
    os: [linux]

  lefthook-windows-arm64@1.7.9:
    resolution: {integrity: sha512-PQdBx8Pj7IEda1ipRULw0V4tzMe38VcbxVSUICxvHsG0levkfGA0GgjuftEryx4qDhVRE7VUzKuC9Qn1SSMuFw==}
    cpu: [arm64]
    os: [win32]

  lefthook-windows-x64@1.7.9:
    resolution: {integrity: sha512-lUMYgP9SUYrfoBGCfWNj7k9n8Nhwi83rAP0eLUvaHZFW7J/wCM4Pv9K85OkRMb7ToFRJIQ0zdD6Vdb6AZpeMVA==}
    cpu: [x64]
    os: [win32]

  lefthook@1.7.9:
    resolution: {integrity: sha512-/C8By2tUk/fHgLd1iH1elSPsYO75/hdNhyJvvQzLNtZ2IH7x3mC5a1pf1Zijpj+QD2vhRyz5W5sr9DShKvEagA==}
    hasBin: true

  tslib@2.6.3:
    resolution: {integrity: sha512-xNvxJEOUiWPGhUuUdQgAJPKOOJfGnIyKySOc09XkKsgdUV/3E2zvwZYdejjmRgPCgcym1juLH3226yA7sEFJKQ==}

  typescript@5.5.4:
    resolution: {integrity: sha512-Mtq29sKDAEYP7aljRgtPOpTvOfbwRWlS6dPRzwjdE+C0R4brX/GUyhHSecbHMFLNBLcJIPt9nl9yG5TZ1weH+Q==}
    engines: {node: '>=14.17'}
    hasBin: true

snapshots:

  '@biomejs/biome@1.8.3':
    optionalDependencies:
      '@biomejs/cli-darwin-arm64': 1.8.3
      '@biomejs/cli-darwin-x64': 1.8.3
      '@biomejs/cli-linux-arm64': 1.8.3
      '@biomejs/cli-linux-arm64-musl': 1.8.3
      '@biomejs/cli-linux-x64': 1.8.3
      '@biomejs/cli-linux-x64-musl': 1.8.3
      '@biomejs/cli-win32-arm64': 1.8.3
      '@biomejs/cli-win32-x64': 1.8.3

  '@biomejs/cli-darwin-arm64@1.8.3':
    optional: true

  '@biomejs/cli-darwin-x64@1.8.3':
    optional: true

  '@biomejs/cli-linux-arm64-musl@1.8.3':
    optional: true

  '@biomejs/cli-linux-arm64@1.8.3':
    optional: true

  '@biomejs/cli-linux-x64-musl@1.8.3':
    optional: true

  '@biomejs/cli-linux-x64@1.8.3':
    optional: true

  '@biomejs/cli-win32-arm64@1.8.3':
    optional: true

  '@biomejs/cli-win32-x64@1.8.3':
    optional: true

  lefthook-darwin-arm64@1.7.9:
    optional: true

  lefthook-darwin-x64@1.7.9:
    optional: true

  lefthook-freebsd-arm64@1.7.9:
    optional: true

  lefthook-freebsd-x64@1.7.9:
    optional: true

  lefthook-linux-arm64@1.7.9:
    optional: true

  lefthook-linux-x64@1.7.9:
    optional: true

  lefthook-windows-arm64@1.7.9:
    optional: true

  lefthook-windows-x64@1.7.9:
    optional: true

  lefthook@1.7.9:
    optionalDependencies:
      lefthook-darwin-arm64: 1.7.9
      lefthook-darwin-x64: 1.7.9
      lefthook-freebsd-arm64: 1.7.9
      lefthook-freebsd-x64: 1.7.9
      lefthook-linux-arm64: 1.7.9
      lefthook-linux-x64: 1.7.9
      lefthook-windows-arm64: 1.7.9
      lefthook-windows-x64: 1.7.9

  tslib@2.6.3: {}

  typescript@5.5.4: {}
